
Microsoft Visual Studio Solution File, Format Version 12.00
# Visual Studio Version 18
VisualStudioVersion = 18.4.11612.150 stable
MinimumVisualStudioVersion = 10.0.40219.1
Project("{FAE04EC0-301F-11D3-BF4B-00C04F79EFBC}") = "RePKG-WPF", "RePKG-WPF\RePKG-WPF.csproj", "{DF59B504-B925-4838-97D7-A37585E15E12}"
EndProject
Project("{FAE04EC0-301F-11D3-BF4B-00C04F79EFBC}") = "RePKG", "RePKG-Core\RePKG\RePKG.csproj", "{48F44FF0-1402-B45B-1AA6-B204F6EF6CC4}"
EndProject
Project("{FAE04EC0-301F-11D3-BF4B-00C04F79EFBC}") = "RePKG.Application", "RePKG-Core\RePKG.Application\RePKG.Application.csproj", "{A6AADF1A-E00C-0437-9F70-A8747FEB0958}"
EndProject
Project("{FAE04EC0-301F-11D3-BF4B-00C04F79EFBC}") = "RePKG.Core", "RePKG-Core\RePKG.Core\RePKG.Core.csproj", "{32DF2CB1-3681-1D16-093A-F775967D7300}"
EndProject
Project("{FAE04EC0-301F-11D3-BF4B-00C04F79EFBC}") = "RePKG.Tests", "RePKG-Core\RePKG.Tests\RePKG.Tests.csproj", "{34D3ECBF-A559-AA5A-D640-793B6E1345C5}"
EndProject
Global
	GlobalSection(SolutionConfigurationPlatforms) = preSolution
		Debug|Any CPU = Debug|Any CPU
		Release|Any CPU = Release|Any CPU
	EndGlobalSection
	GlobalSection(ProjectConfigurationPlatforms) = postSolution
		{DF59B504-B925-4838-97D7-A37585E15E12}.Debug|Any CPU.ActiveCfg = Debug|Any CPU
		{DF59B504-B925-4838-97D7-A37585E15E12}.Debug|Any CPU.Build.0 = Debug|Any CPU
		{DF59B504-B925-4838-97D7-A37585E15E12}.Release|Any CPU.ActiveCfg = Release|Any CPU
		{DF59B504-B925-4838-97D7-A37585E15E12}.Release|Any CPU.Build.0 = Release|Any CPU
		{48F44FF0-1402-B45B-1AA6-B204F6EF6CC4}.Debug|Any CPU.ActiveCfg = Debug|Any CPU
		{48F44FF0-1402-B45B-1AA6-B204F6EF6CC4}.Debug|Any CPU.Build.0 = Debug|Any CPU
		{48F44FF0-1402-B45B-1AA6-B204F6EF6CC4}.Release|Any CPU.ActiveCfg = Release|Any CPU
		{48F44FF0-1402-B45B-1AA6-B204F6EF6CC4}.Release|Any CPU.Build.0 = Release|Any CPU
		{A6AADF1A-E00C-0437-9F70-A8747FEB0958}.Debug|Any CPU.ActiveCfg = Debug|Any CPU
		{A6AADF1A-E00C-0437-9F70-A8747FEB0958}.Debug|Any CPU.Build.0 = Debug|Any CPU
		{A6AADF1A-E00C-0437-9F70-A8747FEB0958}.Release|Any CPU.ActiveCfg = Release|Any CPU
		{A6AADF1A-E00C-0437-9F70-A8747FEB0958}.Release|Any CPU.Build.0 = Release|Any CPU
		{32DF2CB1-3681-1D16-093A-F775967D7300}.Debug|Any CPU.ActiveCfg = Debug|Any CPU
		{32DF2CB1-3681-1D16-093A-F775967D7300}.Debug|Any CPU.Build.0 = Debug|Any CPU
		{32DF2CB1-3681-1D16-093A-F775967D7300}.Release|Any CPU.ActiveCfg = Release|Any CPU
		{32DF2CB1-3681-1D16-093A-F775967D7300}.Release|Any CPU.Build.0 = Release|Any CPU
		{34D3ECBF-A559-AA5A-D640-793B6E1345C5}.Debug|Any CPU.ActiveCfg = Debug|Any CPU
		{34D3ECBF-A559-AA5A-D640-793B6E1345C5}.Debug|Any CPU.Build.0 = Debug|Any CPU
		{34D3ECBF-A559-AA5A-D640-793B6E1345C5}.Release|Any CPU.ActiveCfg = Release|Any CPU
		{34D3ECBF-A559-AA5A-D640-793B6E1345C5}.Release|Any CPU.Build.0 = Release|Any CPU
	EndGlobalSection
	GlobalSection(SolutionProperties) = preSolution
		HideSolutionNode = FALSE
	EndGlobalSection
	GlobalSection(ExtensibilityGlobals) = postSolution
		SolutionGuid = {12E63294-9AA3-409F-8549-E493A479A566}
	EndGlobalSection
EndGlobal
